
Microsoft Visual Studio Solution File, Format Version 12.00
# Visual Studio Version 16
VisualStudioVersion = 16.0.31005.135
MinimumVisualStudioVersion = 10.0.40219.1
Project("{FAE04EC0-301F-11D3-BF4B-00C04F79EFBC}") = "ChatServer", "ChatServer\ChatServer.csproj", "{2EF435B0-F4D1-46B9-9008-5F1F3B8B3BAF}"
EndProject
Global
	GlobalSection(SolutionConfigurationPlatforms) = preSolution
		Debug|Any CPU = Debug|Any CPU
		Release|Any CPU = Release|Any CPU
	EndGlobalSection
	GlobalSection(ProjectConfigurationPlatforms) = postSolution
		{2EF435B0-F4D1-46B9-9008-5F1F3B8B3BAF}.Debug|Any CPU.ActiveCfg = Debug|Any CPU
		{2EF435B0-F4D1-46B9-9008-5F1F3B8B3BAF}.Debug|Any CPU.Build.0 = Debug|Any CPU
		{2EF435B0-F4D1-46B9-9008-5F1F3B8B3BAF}.Release|Any CPU.ActiveCfg = Release|Any CPU
		{2EF435B0-F4D1-46B9-9008-5F1F3B8B3BAF}.Release|Any CPU.Build.0 = Release|Any CPU
	EndGlobalSection
	GlobalSection(SolutionProperties) = preSolution
		HideSolutionNode = FALSE
	EndGlobalSection
	GlobalSection(ExtensibilityGlobals) = postSolution
		SolutionGuid = {4EAEF8FD-792E-4B82-8B89-340B81C5E3FB}
	EndGlobalSection
EndGlobal
